// !$*UTF8*$!
{
	archiveVersion = 1;
	classes = {
	};
	objectVersion = 46;
	objects = {

/* Begin PBXBuildFile section */
		9A6F622D1DFC409B0020F6D8 /* Card.swift in Sources */ = {isa = PBXBuildFile; fileRef = 9A6F622C1DFC409B0020F6D8 /* Card.swift */; };
		9A6F622F1DFC42F00020F6D8 /* Player.swift in Sources */ = {isa = PBXBuildFile; fileRef = 9A6F622E1DFC42F00020F6D8 /* Player.swift */; };
		9A6F62311DFC44B00020F6D8 /* Trick.swift in Sources */ = {isa = PBXBuildFile; fileRef = 9A6F62301DFC44B00020F6D8 /* Trick.swift */; };
		9ADA010B1DFBBF260052B70D /* AppDelegate.swift in Sources */ = {isa = PBXBuildFile; fileRef = 9ADA010A1DFBBF260052B70D /* AppDelegate.swift */; };
		9ADA010D1DFBBF260052B70D /* ViewController.swift in Sources */ = {isa = PBXBuildFile; fileRef = 9ADA010C1DFBBF260052B70D /* ViewController.swift */; };
		9ADA01101DFBBF260052B70D /* Main.storyboard in Resources */ = {isa = PBXBuildFile; fileRef = 9ADA010E1DFBBF260052B70D /* Main.storyboard */; };
		9ADA01121DFBBF260052B70D /* Assets.xcassets in Resources */ = {isa = PBXBuildFile; fileRef = 9ADA01111DFBBF260052B70D /* Assets.xcassets */; };
		9ADA01151DFBBF260052B70D /* LaunchScreen.storyboard in Resources */ = {isa = PBXBuildFile; fileRef = 9ADA01131DFBBF260052B70D /* LaunchScreen.storyboard */; };
		9ADA01231DFBC9100052B70D /* Deck.swift in Sources */ = {isa = PBXBuildFile; fileRef = 9ADA01221DFBC9100052B70D /* Deck.swift */; };
/* End PBXBuildFile section */

/* Begin PBXFileReference section */
		9A6F622C1DFC409B0020F6D8 /* Card.swift */ = {isa = PBXFileReference; fileEncoding = 4; lastKnownFileType = sourcecode.swift; path = Card.swift; sourceTree = "<group>"; };
		9A6F622E1DFC42F00020F6D8 /* Player.swift */ = {isa = PBXFileReference; fileEncoding = 4; lastKnownFileType = sourcecode.swift; path = Player.swift; sourceTree = "<group>"; };
		9A6F62301DFC44B00020F6D8 /* Trick.swift */ = {isa = PBXFileReference; fileEncoding = 4; lastKnownFileType = sourcecode.swift; path = Trick.swift; sourceTree = "<group>"; };
		9ADA01071DFBBF260052B70D /* EuchreSwift.app */ = {isa = PBXFileReference; explicitFileType = wrapper.application; includeInIndex = 0; path = EuchreSwift.app; sourceTree = BUILT_PRODUCTS_DIR; };
		9ADA010A1DFBBF260052B70D /* AppDelegate.swift */ = {isa = PBXFileReference; lastKnownFileType = sourcecode.swift; path = AppDelegate.swift; sourceTree = "<group>"; };
		9ADA010C1DFBBF260052B70D /* ViewController.swift */ = {isa = PBXFileReference; lastKnownFileType = sourcecode.swift; path = ViewController.swift; sourceTree = "<group>"; };
		9ADA010F1DFBBF260052B70D /* Base */ = {isa = PBXFileReference; lastKnownFileType = file.storyboard; name = Base; path = Base.lproj/Main.storyboard; sourceTree = "<group>"; };
		9ADA01111DFBBF260052B70D /* Assets.xcassets */ = {isa = PBXFileReference; lastKnownFileType = folder.assetcatalog; path = Assets.xcassets; sourceTree = "<group>"; };
		9ADA01141DFBBF260052B70D /* Base */ = {isa = PBXFileReference; lastKnownFileType = file.storyboard; name = Base; path = Base.lproj/LaunchScreen.storyboard; sourceTree = "<group>"; };
		9ADA01161DFBBF260052B70D /* Info.plist */ = {isa = PBXFileReference; lastKnownFileType = text.plist.xml; path = Info.plist; sourceTree = "<group>"; };
		9ADA01221DFBC9100052B70D /* Deck.swift */ = {isa = PBXFileReference; fileEncoding = 4; lastKnownFileType = sourcecode.swift; path = Deck.swift; sourceTree = "<group>"; };
/* End PBXFileReference section */

/* Begin PBXFrameworksBuildPhase section */
		9ADA01041DFBBF260052B70D /* Frameworks */ = {
			isa = PBXFrameworksBuildPhase;
			buildActionMask = 2147483647;
			files = (
			);
			runOnlyForDeploymentPostprocessing = 0;
		};
/* End PBXFrameworksBuildPhase section */

/* Begin PBXGroup section */
		9ADA00FE1DFBBF260052B70D = {
			isa = PBXGroup;
			children = (
				9ADA01091DFBBF260052B70D /* EuchreSwift */,
				9ADA01081DFBBF260052B70D /* Products */,
			);
			sourceTree = "<group>";
		};
		9ADA01081DFBBF260052B70D /* Products */ = {
			isa = PBXGroup;
			children = (
				9ADA01071DFBBF260052B70D /* EuchreSwift.app */,
			);
			name = Products;
			sourceTree = "<group>";
		};
		9ADA01091DFBBF260052B70D /* EuchreSwift */ = {
			isa = PBXGroup;
			children = (
				9ADA011C1DFBBF350052B70D /* SupportFiles */,
				9ADA010C1DFBBF260052B70D /* ViewController.swift */,
				9ADA010E1DFBBF260052B70D /* Main.storyboard */,
				9ADA01111DFBBF260052B70D /* Assets.xcassets */,
				9ADA011D1DFBBF440052B70D /* Model */,
			);
			path = EuchreSwift;
			sourceTree = "<group>";
		};
		9ADA011C1DFBBF350052B70D /* SupportFiles */ = {
			isa = PBXGroup;
			children = (
				9ADA010A1DFBBF260052B70D /* AppDelegate.swift */,
				9ADA01131DFBBF260052B70D /* LaunchScreen.storyboard */,
				9ADA01161DFBBF260052B70D /* Info.plist */,
			);
			name = SupportFiles;
			sourceTree = "<group>";
		};
		9ADA011D1DFBBF440052B70D /* Model */ = {
			isa = PBXGroup;
			children = (
				9A6F622C1DFC409B0020F6D8 /* Card.swift */,
				9ADA01221DFBC9100052B70D /* Deck.swift */,
				9A6F622E1DFC42F00020F6D8 /* Player.swift */,
				9A6F62301DFC44B00020F6D8 /* Trick.swift */,
			);
			name = Model;
			sourceTree = "<group>";
		};
/* End PBXGroup section */

/* Begin PBXNativeTarget section */
		9ADA01061DFBBF260052B70D /* EuchreSwift */ = {
			isa = PBXNativeTarget;
			buildConfigurationList = 9ADA01191DFBBF260052B70D /* Build configuration list for PBXNativeTarget "EuchreSwift" */;
			buildPhases = (
				9ADA01031DFBBF260052B70D /* Sources */,
				9ADA01041DFBBF260052B70D /* Frameworks */,
				9ADA01051DFBBF260052B70D /* Resources */,
			);
			buildRules = (
			);
			dependencies = (
			);
			name = EuchreSwift;
			productName = EuchreSwift;
			productReference = 9ADA01071DFBBF260052B70D /* EuchreSwift.app */;
			productType = "com.apple.product-type.application";
		};
/* End PBXNativeTarget section */

/* Begin PBXProject section */
		9ADA00FF1DFBBF260052B70D /* Project object */ = {
			isa = PBXProject;
			attributes = {
				LastSwiftUpdateCheck = 0800;
				LastUpgradeCheck = 0800;
				ORGANIZATIONNAME = "Tyler Rose";
				TargetAttributes = {
					9ADA01061DFBBF260052B70D = {
						CreatedOnToolsVersion = 8.0;
						DevelopmentTeam = QE6Y8UK8X6;
						ProvisioningStyle = Automatic;
					};
				};
			};
			buildConfigurationList = 9ADA01021DFBBF260052B70D /* Build configuration list for PBXProject "EuchreSwift" */;
			compatibilityVersion = "Xcode 3.2";
			developmentRegion = English;
			hasScannedForEncodings = 0;
			knownRegions = (
				en,
				Base,
			);
			mainGroup = 9ADA00FE1DFBBF260052B70D;
			productRefGroup = 9ADA01081DFBBF260052B70D /* Products */;
			projectDirPath = "";
			projectRoot = "";
			targets = (
				9ADA01061DFBBF260052B70D /* EuchreSwift */,
			);
		};
/* End PBXProject section */

/* Begin PBXResourcesBuildPhase section */
		9ADA01051DFBBF260052B70D /* Resources */ = {
			isa = PBXResourcesBuildPhase;
			buildActionMask = 2147483647;
			files = (
				9ADA01151DFBBF260052B70D /* LaunchScreen.storyboard in Resources */,
				9ADA01121DFBBF260052B70D /* Assets.xcassets in Resources */,
				9ADA01101DFBBF260052B70D /* Main.storyboard in Resources */,
			);
			runOnlyForDeploymentPostprocessing = 0;
		};
/* End PBXResourcesBuildPhase section */

/* Begin PBXSourcesBuildPhase section */
		9ADA01031DFBBF260052B70D /* Sources */ = {
			isa = PBXSourcesBuildPhase;
			buildActionMask = 2147483647;
			files = (
				9ADA01231DFBC9100052B70D /* Deck.swift in Sources */,
				9A6F62311DFC44B00020F6D8 /* Trick.swift in Sources */,
				9ADA010D1DFBBF260052B70D /* ViewController.swift in Sources */,
				9A6F622D1DFC409B0020F6D8 /* Card.swift in Sources */,
				9A6F622F1DFC42F00020F6D8 /* Player.swift in Sources */,
				9ADA010B1DFBBF260052B70D /* AppDelegate.swift in Sources */,
			);
			runOnlyForDeploymentPostprocessing = 0;
		};
/* End PBXSourcesBuildPhase section */

/* Begin PBXVariantGroup section */
		9ADA010E1DFBBF260052B70D /* Main.storyboard */ = {
			isa = PBXVariantGroup;
			children = (
				9ADA010F1DFBBF260052B70D /* Base */,
			);
			name = Main.storyboard;
			sourceTree = "<group>";
		};
		9ADA01131DFBBF260052B70D /* LaunchScreen.storyboard */ = {
			isa = PBXVariantGroup;
			children = (
				9ADA01141DFBBF260052B70D /* Base */,
			);
			name = LaunchScreen.storyboard;
			sourceTree = "<group>";
		};
/* End PBXVariantGroup section */

/* Begin XCBuildConfiguration section */
		9ADA01171DFBBF260052B70D /* Debug */ = {
			isa = XCBuildConfiguration;
			buildSettings = {
				ALWAYS_SEARCH_USER_PATHS = NO;
				CLANG_ANALYZER_NONNULL = YES;
				CLANG_CXX_LANGUAGE_STANDARD = "gnu++0x";
				CLANG_CXX_LIBRARY = "libc++";
				CLANG_ENABLE_MODULES = YES;
				CLANG_ENABLE_OBJC_ARC = YES;
				CLANG_WARN_BOOL_CONVERSION = YES;
				CLANG_WARN_CONSTANT_CONVERSION = YES;
				CLANG_WARN_DIRECT_OBJC_ISA_USAGE = YES_ERROR;
				CLANG_WARN_DOCUMENTATION_COMMENTS = YES;
				CLANG_WARN_EMPTY_BODY = YES;
				CLANG_WARN_ENUM_CONVERSION = YES;
				CLANG_WARN_INFINITE_RECURSION = YES;
				CLANG_WARN_INT_CONVERSION = YES;
				CLANG_WARN_OBJC_ROOT_CLASS = YES_ERROR;
				CLANG_WARN_SUSPICIOUS_MOVES = YES;
				CLANG_WARN_UNREACHABLE_CODE = YES;
				CLANG_WARN__DUPLICATE_METHOD_MATCH = YES;
				"CODE_SIGN_IDENTITY[sdk=iphoneos*]" = "iPhone Developer";
				COPY_PHASE_STRIP = NO;
				DEBUG_INFORMATION_FORMAT = dwarf;
				ENABLE_STRICT_OBJC_MSGSEND = YES;
				ENABLE_TESTABILITY = YES;
				GCC_C_LANGUAGE_STANDARD = gnu99;
				GCC_DYNAMIC_NO_PIC = NO;
				GCC_NO_COMMON_BLOCKS = YES;
				GCC_OPTIMIZATION_LEVEL = 0;
				GCC_PREPROCESSOR_DEFINITIONS = (
					"DEBUG=1",
					"$(inherited)",
				);
				GCC_WARN_64_TO_32_BIT_CONVERSION = YES;
				GCC_WARN_ABOUT_RETURN_TYPE = YES_ERROR;
				GCC_WARN_UNDECLARED_SELECTOR = YES;
				GCC_WARN_UNINITIALIZED_AUTOS = YES_AGGRESSIVE;
				GCC_WARN_UNUSED_FUNCTION = YES;
				GCC_WARN_UNUSED_VARIABLE = YES;
				IPHONEOS_DEPLOYMENT_TARGET = 10.0;
				MTL_ENABLE_DEBUG_INFO = YES;
				ONLY_ACTIVE_ARCH = YES;
				SDKROOT = iphoneos;
				SWIFT_ACTIVE_COMPILATION_CONDITIONS = DEBUG;
				SWIFT_OPTIMIZATION_LEVEL = "-Onone";
				TARGETED_DEVICE_FAMILY = "1,2";
			};
			name = Debug;
		};
		9ADA01181DFBBF260052B70D /* Release */ = {
			isa = XCBuildConfiguration;
			buildSettings = {
				ALWAYS_SEARCH_USER_PATHS = NO;
				CLANG_ANALYZER_NONNULL = YES;
				CLANG_CXX_LANGUAGE_STANDARD = "gnu++0x";
				CLANG_CXX_LIBRARY = "libc++";
				CLANG_ENABLE_MODULES = YES;
				CLANG_ENABLE_OBJC_ARC = YES;
				CLANG_WARN_BOOL_CONVERSION = YES;
				CLANG_WARN_CONSTANT_CONVERSION = YES;
				CLANG_WARN_DIRECT_OBJC_ISA_USAGE = YES_ERROR;
				CLANG_WARN_DOCUMENTATION_COMMENTS = YES;
				CLANG_WARN_EMPTY_BODY = YES;
				CLANG_WARN_ENUM_CONVERSION = YES;
				CLANG_WARN_INFINITE_RECURSION = YES;
				CLANG_WARN_INT_CONVERSION = YES;
				CLANG_WARN_OBJC_ROOT_CLASS = YES_ERROR;
				CLANG_WARN_SUSPICIOUS_MOVES = YES;
				CLANG_WARN_UNREACHABLE_CODE = YES;
				CLANG_WARN__DUPLICATE_METHOD_MATCH = YES;
				"CODE_SIGN_IDENTITY[sdk=iphoneos*]" = "iPhone Developer";
				COPY_PHASE_STRIP = NO;
				DEBUG_INFORMATION_FORMAT = "dwarf-with-dsym";
				ENABLE_NS_ASSERTIONS = NO;
				ENABLE_STRICT_OBJC_MSGSEND = YES;
				GCC_C_LANGUAGE_STANDARD = gnu99;
				GCC_NO_COMMON_BLOCKS = YES;
				GCC_WARN_64_TO_32_BIT_CONVERSION = YES;
				GCC_WARN_ABOUT_RETURN_TYPE = YES_ERROR;
				GCC_WARN_UNDECLARED_SELECTOR = YES;
				GCC_WARN_UNINITIALIZED_AUTOS = YES_AGGRESSIVE;
				GCC_WARN_UNUSED_FUNCTION = YES;
				GCC_WARN_UNUSED_VARIABLE = YES;
				IPHONEOS_DEPLOYMENT_TARGET = 10.0;
				MTL_ENABLE_DEBUG_INFO = NO;
				SDKROOT = iphoneos;
				SWIFT_OPTIMIZATION_LEVEL = "-Owholemodule";
				TARGETED_DEVICE_FAMILY = "1,2";
				VALIDATE_PRODUCT = YES;
			};
			name = Release;
		};
		9ADA011A1DFBBF260052B70D /* Debug */ = {
			isa = XCBuildConfiguration;
			buildSettings = {
				ASSETCATALOG_COMPILER_APPICON_NAME = AppIcon;
				DEVELOPMENT_TEAM = QE6Y8UK8X6;
				INFOPLIST_FILE = EuchreSwift/Info.plist;
				LD_RUNPATH_SEARCH_PATHS = "$(inherited) @executable_path/Frameworks";
				PRODUCT_BUNDLE_IDENTIFIER = com.tylerrose.EuchreSwift;
				PRODUCT_NAME = "$(TARGET_NAME)";
				SWIFT_VERSION = 3.0;
			};
			name = Debug;
		};
		9ADA011B1DFBBF260052B70D /* Release */ = {
			isa = XCBuildConfiguration;
			buildSettings = {
				ASSETCATALOG_COMPILER_APPICON_NAME = AppIcon;
				DEVELOPMENT_TEAM = QE6Y8UK8X6;
				INFOPLIST_FILE = EuchreSwift/Info.plist;
				LD_RUNPATH_SEARCH_PATHS = "$(inherited) @executable_path/Frameworks";
				PRODUCT_BUNDLE_IDENTIFIER = com.tylerrose.EuchreSwift;
				PRODUCT_NAME = "$(TARGET_NAME)";
				SWIFT_VERSION = 3.0;
			};
			name = Release;
		};
/* End XCBuildConfiguration section */

/* Begin XCConfigurationList section */
		9ADA01021DFBBF260052B70D /* Build configuration list for PBXProject "EuchreSwift" */ = {
			isa = XCConfigurationList;
			buildConfigurations = (
				9ADA01171DFBBF260052B70D /* Debug */,
				9ADA01181DFBBF260052B70D /* Release */,
			);
			defaultConfigurationIsVisible = 0;
			defaultConfigurationName = Release;
		};
		9ADA01191DFBBF260052B70D /* Build configuration list for PBXNativeTarget "EuchreSwift" */ = {
			isa = XCConfigurationList;
			buildConfigurations = (
				9ADA011A1DFBBF260052B70D /* Debug */,
				9ADA011B1DFBBF260052B70D /* Release */,
			);
			defaultConfigurationIsVisible = 0;
			defaultConfigurationName = Release;
		};
/* End XCConfigurationList section */
	};
	rootObject = 9ADA00FF1DFBBF260052B70D /* Project object */;
}
